
Microsoft Visual Studio Solution File, Format Version 11.00
# Visual Studio 2010
Project("{FAE04EC0-301F-11D3-BF4B-00C04F79EFBC}") = "TAOS", "TAOS\TAOS.csproj", "{0770571E-5721-45E8-888C-B7A13E79A1CF}"
EndProject
Project("{54435603-DBB4-11D2-8724-00A0C9A8B90C}") = "TopUp", "Setup1\Setup1.vdproj", "{D4A6E039-59F6-43C3-828A-B7BFE5864542}"
EndProject
Global
	GlobalSection(SolutionConfigurationPlatforms) = preSolution
		Debug|Any CPU = Debug|Any CPU
		Release|Any CPU = Release|Any CPU
	EndGlobalSection
	GlobalSection(ProjectConfigurationPlatforms) = postSolution
		{0770571E-5721-45E8-888C-B7A13E79A1CF}.Debug|Any CPU.ActiveCfg = Debug|Any CPU
		{0770571E-5721-45E8-888C-B7A13E79A1CF}.Debug|Any CPU.Build.0 = Debug|Any CPU
		{0770571E-5721-45E8-888C-B7A13E79A1CF}.Release|Any CPU.ActiveCfg = Release|Any CPU
		{0770571E-5721-45E8-888C-B7A13E79A1CF}.Release|Any CPU.Build.0 = Release|Any CPU
		{D4A6E039-59F6-43C3-828A-B7BFE5864542}.Debug|Any CPU.ActiveCfg = Debug
		{D4A6E039-59F6-43C3-828A-B7BFE5864542}.Debug|Any CPU.Build.0 = Debug
		{D4A6E039-59F6-43C3-828A-B7BFE5864542}.Release|Any CPU.ActiveCfg = Release
	EndGlobalSection
	GlobalSection(SolutionProperties) = preSolution
		HideSolutionNode = FALSE
	EndGlobalSection
EndGlobal
